
Microsoft Visual Studio Solution File, Format Version 12.00
# Visual Studio 15
VisualStudioVersion = 15.0.28307.572
MinimumVisualStudioVersion = 10.0.40219.1
Project("{FAE04EC0-301F-11D3-BF4B-00C04F79EFBC}") = "TesteTracking", "TesteTracking\TesteTracking.csproj", "{89AA6BB3-2B8C-4670-9053-B785C5E1E320}"
EndProject
Global
	GlobalSection(SolutionConfigurationPlatforms) = preSolution
		Debug|Any CPU = Debug|Any CPU
		Release|Any CPU = Release|Any CPU
	EndGlobalSection
	GlobalSection(ProjectConfigurationPlatforms) = postSolution
		{89AA6BB3-2B8C-4670-9053-B785C5E1E320}.Debug|Any CPU.ActiveCfg = Debug|Any CPU
		{89AA6BB3-2B8C-4670-9053-B785C5E1E320}.Debug|Any CPU.Build.0 = Debug|Any CPU
		{89AA6BB3-2B8C-4670-9053-B785C5E1E320}.Release|Any CPU.ActiveCfg = Release|Any CPU
		{89AA6BB3-2B8C-4670-9053-B785C5E1E320}.Release|Any CPU.Build.0 = Release|Any CPU
	EndGlobalSection
	GlobalSection(SolutionProperties) = preSolution
		HideSolutionNode = FALSE
	EndGlobalSection
	GlobalSection(ExtensibilityGlobals) = postSolution
		SolutionGuid = {60236F7C-EFA1-4107-A306-BF9DA8778540}
	EndGlobalSection
EndGlobal
